
Microsoft Visual Studio Solution File, Format Version 12.00
# Visual Studio Version 17
VisualStudioVersion = 17.4.33103.184
MinimumVisualStudioVersion = 10.0.40219.1
Project("{9A19103F-16F7-4668-BE54-9A1E7A4F7556}") = "DeveFileFlows", "DeveFileFlows\DeveFileFlows.csproj", "{EA143A0F-4460-4564-A1B4-62E5EC514ACC}"
EndProject
Project("{9A19103F-16F7-4668-BE54-9A1E7A4F7556}") = "DeveFileFlows.Client", "DeveFileFlows.Client\DeveFileFlows.Client.csproj", "{FCF99ACE-695D-48ED-B8F7-EFC2AF71F9DD}"
EndProject
Project("{9A19103F-16F7-4668-BE54-9A1E7A4F7556}") = "DeveFileFlows.GrainInterfaces", "DeveFileFlows.GrainInterfaces\DeveFileFlows.GrainInterfaces.csproj", "{42810608-98BA-48F3-9E64-EC1F5624A989}"
EndProject
Project("{9A19103F-16F7-4668-BE54-9A1E7A4F7556}") = "DeveFileFlows.Server", "DeveFileFlows.Server\DeveFileFlows.Server.csproj", "{3AE5D8BC-E6B0-4296-81CF-2E38BB817E9B}"
EndProject
Global
	GlobalSection(SolutionConfigurationPlatforms) = preSolution
		Debug|Any CPU = Debug|Any CPU
		Release|Any CPU = Release|Any CPU
	EndGlobalSection
	GlobalSection(ProjectConfigurationPlatforms) = postSolution
		{EA143A0F-4460-4564-A1B4-62E5EC514ACC}.Debug|Any CPU.ActiveCfg = Debug|Any CPU
		{EA143A0F-4460-4564-A1B4-62E5EC514ACC}.Debug|Any CPU.Build.0 = Debug|Any CPU
		{EA143A0F-4460-4564-A1B4-62E5EC514ACC}.Release|Any CPU.ActiveCfg = Release|Any CPU
		{EA143A0F-4460-4564-A1B4-62E5EC514ACC}.Release|Any CPU.Build.0 = Release|Any CPU
		{FCF99ACE-695D-48ED-B8F7-EFC2AF71F9DD}.Debug|Any CPU.ActiveCfg = Debug|Any CPU
		{FCF99ACE-695D-48ED-B8F7-EFC2AF71F9DD}.Debug|Any CPU.Build.0 = Debug|Any CPU
		{FCF99ACE-695D-48ED-B8F7-EFC2AF71F9DD}.Release|Any CPU.ActiveCfg = Release|Any CPU
		{FCF99ACE-695D-48ED-B8F7-EFC2AF71F9DD}.Release|Any CPU.Build.0 = Release|Any CPU
		{42810608-98BA-48F3-9E64-EC1F5624A989}.Debug|Any CPU.ActiveCfg = Debug|Any CPU
		{42810608-98BA-48F3-9E64-EC1F5624A989}.Debug|Any CPU.Build.0 = Debug|Any CPU
		{42810608-98BA-48F3-9E64-EC1F5624A989}.Release|Any CPU.ActiveCfg = Release|Any CPU
		{42810608-98BA-48F3-9E64-EC1F5624A989}.Release|Any CPU.Build.0 = Release|Any CPU
		{3AE5D8BC-E6B0-4296-81CF-2E38BB817E9B}.Debug|Any CPU.ActiveCfg = Debug|Any CPU
		{3AE5D8BC-E6B0-4296-81CF-2E38BB817E9B}.Debug|Any CPU.Build.0 = Debug|Any CPU
		{3AE5D8BC-E6B0-4296-81CF-2E38BB817E9B}.Release|Any CPU.ActiveCfg = Release|Any CPU
		{3AE5D8BC-E6B0-4296-81CF-2E38BB817E9B}.Release|Any CPU.Build.0 = Release|Any CPU
	EndGlobalSection
	GlobalSection(SolutionProperties) = preSolution
		HideSolutionNode = FALSE
	EndGlobalSection
	GlobalSection(ExtensibilityGlobals) = postSolution
		SolutionGuid = {4A05D8D1-C5C4-4A45-95C7-BAF9455D2EE8}
	EndGlobalSection
EndGlobal
